
Microsoft Visual Studio Solution File, Format Version 12.00
# Visual Studio 2012
Project("{FAE04EC0-301F-11D3-BF4B-00C04F79EFBC}") = "BolicheTony", "BolicheTony\BolicheTony.csproj", "{6A290DB7-44DA-4580-9F93-1C4594FAA5EA}"
EndProject
Project("{FAE04EC0-301F-11D3-BF4B-00C04F79EFBC}") = "Entidades", "Entidades\Entidades.csproj", "{B520FF1C-D44E-4B02-B0FE-4594541BD67E}"
EndProject
Global
	GlobalSection(SolutionConfigurationPlatforms) = preSolution
		Debug|Any CPU = Debug|Any CPU
		Release|Any CPU = Release|Any CPU
	EndGlobalSection
	GlobalSection(ProjectConfigurationPlatforms) = postSolution
		{6A290DB7-44DA-4580-9F93-1C4594FAA5EA}.Debug|Any CPU.ActiveCfg = Debug|Any CPU
		{6A290DB7-44DA-4580-9F93-1C4594FAA5EA}.Debug|Any CPU.Build.0 = Debug|Any CPU
		{6A290DB7-44DA-4580-9F93-1C4594FAA5EA}.Release|Any CPU.ActiveCfg = Release|Any CPU
		{6A290DB7-44DA-4580-9F93-1C4594FAA5EA}.Release|Any CPU.Build.0 = Release|Any CPU
		{B520FF1C-D44E-4B02-B0FE-4594541BD67E}.Debug|Any CPU.ActiveCfg = Debug|Any CPU
		{B520FF1C-D44E-4B02-B0FE-4594541BD67E}.Debug|Any CPU.Build.0 = Debug|Any CPU
		{B520FF1C-D44E-4B02-B0FE-4594541BD67E}.Release|Any CPU.ActiveCfg = Release|Any CPU
		{B520FF1C-D44E-4B02-B0FE-4594541BD67E}.Release|Any CPU.Build.0 = Release|Any CPU
	EndGlobalSection
	GlobalSection(SolutionProperties) = preSolution
		HideSolutionNode = FALSE
	EndGlobalSection
EndGlobal
