
Microsoft Visual Studio Solution File, Format Version 12.00
# Visual Studio 2012
Project("{FAE04EC0-301F-11D3-BF4B-00C04F79EFBC}") = "EventosEnClase", "EventosEnClase\EventosEnClase.csproj", "{4F37FA61-6C2E-4C45-B43F-47FCE8A5202C}"
EndProject
Project("{FAE04EC0-301F-11D3-BF4B-00C04F79EFBC}") = "ClassLibrary1", "ClassLibrary1\ClassLibrary1.csproj", "{3922D42D-9718-4021-905C-4A12F3409B9B}"
EndProject
Project("{FAE04EC0-301F-11D3-BF4B-00C04F79EFBC}") = "Consola", "Consola\Consola.csproj", "{5749CC74-CC49-4C26-B091-194A59475BA2}"
EndProject
Global
	GlobalSection(SolutionConfigurationPlatforms) = preSolution
		Debug|Any CPU = Debug|Any CPU
		Release|Any CPU = Release|Any CPU
	EndGlobalSection
	GlobalSection(ProjectConfigurationPlatforms) = postSolution
		{4F37FA61-6C2E-4C45-B43F-47FCE8A5202C}.Debug|Any CPU.ActiveCfg = Debug|Any CPU
		{4F37FA61-6C2E-4C45-B43F-47FCE8A5202C}.Debug|Any CPU.Build.0 = Debug|Any CPU
		{4F37FA61-6C2E-4C45-B43F-47FCE8A5202C}.Release|Any CPU.ActiveCfg = Release|Any CPU
		{4F37FA61-6C2E-4C45-B43F-47FCE8A5202C}.Release|Any CPU.Build.0 = Release|Any CPU
		{3922D42D-9718-4021-905C-4A12F3409B9B}.Debug|Any CPU.ActiveCfg = Debug|Any CPU
		{3922D42D-9718-4021-905C-4A12F3409B9B}.Debug|Any CPU.Build.0 = Debug|Any CPU
		{3922D42D-9718-4021-905C-4A12F3409B9B}.Release|Any CPU.ActiveCfg = Release|Any CPU
		{3922D42D-9718-4021-905C-4A12F3409B9B}.Release|Any CPU.Build.0 = Release|Any CPU
		{5749CC74-CC49-4C26-B091-194A59475BA2}.Debug|Any CPU.ActiveCfg = Debug|Any CPU
		{5749CC74-CC49-4C26-B091-194A59475BA2}.Debug|Any CPU.Build.0 = Debug|Any CPU
		{5749CC74-CC49-4C26-B091-194A59475BA2}.Release|Any CPU.ActiveCfg = Release|Any CPU
		{5749CC74-CC49-4C26-B091-194A59475BA2}.Release|Any CPU.Build.0 = Release|Any CPU
	EndGlobalSection
	GlobalSection(SolutionProperties) = preSolution
		HideSolutionNode = FALSE
	EndGlobalSection
EndGlobal
