
Microsoft Visual Studio Solution File, Format Version 12.00
# Visual Studio Express 2012 for Windows Desktop
Project("{FAE04EC0-301F-11D3-BF4B-00C04F79EFBC}") = "01", "01\01.csproj", "{AD40CE80-D9D9-40EF-8FD3-5A85A7ADBDEF}"
EndProject
Global
	GlobalSection(SolutionConfigurationPlatforms) = preSolution
		Debug|Any CPU = Debug|Any CPU
		Release|Any CPU = Release|Any CPU
	EndGlobalSection
	GlobalSection(ProjectConfigurationPlatforms) = postSolution
		{AD40CE80-D9D9-40EF-8FD3-5A85A7ADBDEF}.Debug|Any CPU.ActiveCfg = Debug|Any CPU
		{AD40CE80-D9D9-40EF-8FD3-5A85A7ADBDEF}.Debug|Any CPU.Build.0 = Debug|Any CPU
		{AD40CE80-D9D9-40EF-8FD3-5A85A7ADBDEF}.Release|Any CPU.ActiveCfg = Release|Any CPU
		{AD40CE80-D9D9-40EF-8FD3-5A85A7ADBDEF}.Release|Any CPU.Build.0 = Release|Any CPU
	EndGlobalSection
	GlobalSection(SolutionProperties) = preSolution
		HideSolutionNode = FALSE
	EndGlobalSection
EndGlobal
