
Microsoft Visual Studio Solution File, Format Version 12.00
# Visual Studio 2012
Project("{FAE04EC0-301F-11D3-BF4B-00C04F79EFBC}") = "EscrituraEnArchivo", "EscrituraEnArchivo\EscrituraEnArchivo.csproj", "{2E86DEE9-7F3B-4732-8D0E-254A8B57AF6C}"
EndProject
Project("{FAE04EC0-301F-11D3-BF4B-00C04F79EFBC}") = "UIGuardador", "UIGuardador\UIGuardador.csproj", "{8B72FC9D-B41A-41A6-BAC4-8FD984FF60D0}"
EndProject
Global
	GlobalSection(SolutionConfigurationPlatforms) = preSolution
		Debug|Any CPU = Debug|Any CPU
		Release|Any CPU = Release|Any CPU
	EndGlobalSection
	GlobalSection(ProjectConfigurationPlatforms) = postSolution
		{2E86DEE9-7F3B-4732-8D0E-254A8B57AF6C}.Debug|Any CPU.ActiveCfg = Debug|Any CPU
		{2E86DEE9-7F3B-4732-8D0E-254A8B57AF6C}.Debug|Any CPU.Build.0 = Debug|Any CPU
		{2E86DEE9-7F3B-4732-8D0E-254A8B57AF6C}.Release|Any CPU.ActiveCfg = Release|Any CPU
		{2E86DEE9-7F3B-4732-8D0E-254A8B57AF6C}.Release|Any CPU.Build.0 = Release|Any CPU
		{8B72FC9D-B41A-41A6-BAC4-8FD984FF60D0}.Debug|Any CPU.ActiveCfg = Debug|Any CPU
		{8B72FC9D-B41A-41A6-BAC4-8FD984FF60D0}.Debug|Any CPU.Build.0 = Debug|Any CPU
		{8B72FC9D-B41A-41A6-BAC4-8FD984FF60D0}.Release|Any CPU.ActiveCfg = Release|Any CPU
		{8B72FC9D-B41A-41A6-BAC4-8FD984FF60D0}.Release|Any CPU.Build.0 = Release|Any CPU
	EndGlobalSection
	GlobalSection(SolutionProperties) = preSolution
		HideSolutionNode = FALSE
	EndGlobalSection
EndGlobal
