
Microsoft Visual Studio Solution File, Format Version 12.00
# Visual Studio Express 2012 for Windows Desktop
Project("{FAE04EC0-301F-11D3-BF4B-00C04F79EFBC}") = "ProyectoAparte", "ProyectoAparte\ProyectoAparte.csproj", "{CC1925BC-125E-4A3E-A02B-E9C808378906}"
EndProject
Global
	GlobalSection(SolutionConfigurationPlatforms) = preSolution
		Debug|Any CPU = Debug|Any CPU
		Release|Any CPU = Release|Any CPU
	EndGlobalSection
	GlobalSection(ProjectConfigurationPlatforms) = postSolution
		{CC1925BC-125E-4A3E-A02B-E9C808378906}.Debug|Any CPU.ActiveCfg = Debug|Any CPU
		{CC1925BC-125E-4A3E-A02B-E9C808378906}.Debug|Any CPU.Build.0 = Debug|Any CPU
		{CC1925BC-125E-4A3E-A02B-E9C808378906}.Release|Any CPU.ActiveCfg = Release|Any CPU
		{CC1925BC-125E-4A3E-A02B-E9C808378906}.Release|Any CPU.Build.0 = Release|Any CPU
	EndGlobalSection
	GlobalSection(SolutionProperties) = preSolution
		HideSolutionNode = FALSE
	EndGlobalSection
EndGlobal
