
Microsoft Visual Studio Solution File, Format Version 12.00
# Visual Studio 2012
Project("{FAE04EC0-301F-11D3-BF4B-00C04F79EFBC}") = "ejemploDDBB", "ejemploDDBB\ejemploDDBB.csproj", "{F2CD1FE0-4572-452F-B154-00F1F9641164}"
EndProject
Global
	GlobalSection(SolutionConfigurationPlatforms) = preSolution
		Debug|Any CPU = Debug|Any CPU
		Release|Any CPU = Release|Any CPU
	EndGlobalSection
	GlobalSection(ProjectConfigurationPlatforms) = postSolution
		{F2CD1FE0-4572-452F-B154-00F1F9641164}.Debug|Any CPU.ActiveCfg = Debug|Any CPU
		{F2CD1FE0-4572-452F-B154-00F1F9641164}.Debug|Any CPU.Build.0 = Debug|Any CPU
		{F2CD1FE0-4572-452F-B154-00F1F9641164}.Release|Any CPU.ActiveCfg = Release|Any CPU
		{F2CD1FE0-4572-452F-B154-00F1F9641164}.Release|Any CPU.Build.0 = Release|Any CPU
	EndGlobalSection
	GlobalSection(SolutionProperties) = preSolution
		HideSolutionNode = FALSE
	EndGlobalSection
EndGlobal
