
Microsoft Visual Studio Solution File, Format Version 12.00
# Visual Studio 2012
Project("{FAE04EC0-301F-11D3-BF4B-00C04F79EFBC}") = "progIImodeloParcial", "progIImodeloParcial\progIImodeloParcial.csproj", "{E8AA0710-EB7F-4339-9A28-76B339FF9E6C}"
EndProject
Project("{FAE04EC0-301F-11D3-BF4B-00C04F79EFBC}") = "TestEstante", "TestEstante\TestEstante.csproj", "{B52BD27F-0782-4CC1-ADA2-545442D18608}"
EndProject
Global
	GlobalSection(SolutionConfigurationPlatforms) = preSolution
		Debug|Any CPU = Debug|Any CPU
		Release|Any CPU = Release|Any CPU
	EndGlobalSection
	GlobalSection(ProjectConfigurationPlatforms) = postSolution
		{E8AA0710-EB7F-4339-9A28-76B339FF9E6C}.Debug|Any CPU.ActiveCfg = Debug|Any CPU
		{E8AA0710-EB7F-4339-9A28-76B339FF9E6C}.Debug|Any CPU.Build.0 = Debug|Any CPU
		{E8AA0710-EB7F-4339-9A28-76B339FF9E6C}.Release|Any CPU.ActiveCfg = Release|Any CPU
		{E8AA0710-EB7F-4339-9A28-76B339FF9E6C}.Release|Any CPU.Build.0 = Release|Any CPU
		{B52BD27F-0782-4CC1-ADA2-545442D18608}.Debug|Any CPU.ActiveCfg = Debug|Any CPU
		{B52BD27F-0782-4CC1-ADA2-545442D18608}.Debug|Any CPU.Build.0 = Debug|Any CPU
		{B52BD27F-0782-4CC1-ADA2-545442D18608}.Release|Any CPU.ActiveCfg = Release|Any CPU
		{B52BD27F-0782-4CC1-ADA2-545442D18608}.Release|Any CPU.Build.0 = Release|Any CPU
	EndGlobalSection
	GlobalSection(SolutionProperties) = preSolution
		HideSolutionNode = FALSE
	EndGlobalSection
EndGlobal
