
Microsoft Visual Studio Solution File, Format Version 12.00
# Visual Studio Express 2012 for Windows Desktop
Project("{FAE04EC0-301F-11D3-BF4B-00C04F79EFBC}") = "Metodo1", "Metodo1\Metodo1.csproj", "{ADE8E908-4898-459B-A976-3C4EAE938C17}"
EndProject
Project("{FAE04EC0-301F-11D3-BF4B-00C04F79EFBC}") = "Test", "Test\Test.csproj", "{9D705FC3-C3E1-445F-B0B9-1DCE6248FF2D}"
EndProject
Global
	GlobalSection(SolutionConfigurationPlatforms) = preSolution
		Debug|Any CPU = Debug|Any CPU
		Release|Any CPU = Release|Any CPU
	EndGlobalSection
	GlobalSection(ProjectConfigurationPlatforms) = postSolution
		{ADE8E908-4898-459B-A976-3C4EAE938C17}.Debug|Any CPU.ActiveCfg = Debug|Any CPU
		{ADE8E908-4898-459B-A976-3C4EAE938C17}.Debug|Any CPU.Build.0 = Debug|Any CPU
		{ADE8E908-4898-459B-A976-3C4EAE938C17}.Release|Any CPU.ActiveCfg = Release|Any CPU
		{ADE8E908-4898-459B-A976-3C4EAE938C17}.Release|Any CPU.Build.0 = Release|Any CPU
		{9D705FC3-C3E1-445F-B0B9-1DCE6248FF2D}.Debug|Any CPU.ActiveCfg = Debug|Any CPU
		{9D705FC3-C3E1-445F-B0B9-1DCE6248FF2D}.Debug|Any CPU.Build.0 = Debug|Any CPU
		{9D705FC3-C3E1-445F-B0B9-1DCE6248FF2D}.Release|Any CPU.ActiveCfg = Release|Any CPU
		{9D705FC3-C3E1-445F-B0B9-1DCE6248FF2D}.Release|Any CPU.Build.0 = Release|Any CPU
	EndGlobalSection
	GlobalSection(SolutionProperties) = preSolution
		HideSolutionNode = FALSE
	EndGlobalSection
EndGlobal
