
Microsoft Visual Studio Solution File, Format Version 12.00
# Visual Studio Express 2012 for Windows Desktop
Project("{FAE04EC0-301F-11D3-BF4B-00C04F79EFBC}") = "Array_List_stack1", "Array_List_stack1\Array_List_stack1.csproj", "{5463C71B-4E18-4691-B2A7-EA9659D467D1}"
EndProject
Global
	GlobalSection(SolutionConfigurationPlatforms) = preSolution
		Debug|Any CPU = Debug|Any CPU
		Release|Any CPU = Release|Any CPU
	EndGlobalSection
	GlobalSection(ProjectConfigurationPlatforms) = postSolution
		{5463C71B-4E18-4691-B2A7-EA9659D467D1}.Debug|Any CPU.ActiveCfg = Debug|Any CPU
		{5463C71B-4E18-4691-B2A7-EA9659D467D1}.Debug|Any CPU.Build.0 = Debug|Any CPU
		{5463C71B-4E18-4691-B2A7-EA9659D467D1}.Release|Any CPU.ActiveCfg = Release|Any CPU
		{5463C71B-4E18-4691-B2A7-EA9659D467D1}.Release|Any CPU.Build.0 = Release|Any CPU
	EndGlobalSection
	GlobalSection(SolutionProperties) = preSolution
		HideSolutionNode = FALSE
	EndGlobalSection
EndGlobal
