
Microsoft Visual Studio Solution File, Format Version 12.00
# Visual Studio Express 2012 for Windows Desktop
Project("{FAE04EC0-301F-11D3-BF4B-00C04F79EFBC}") = "Metodo2", "Metodo2\Metodo2.csproj", "{3106ADB6-40CB-40CD-849C-7CF604C35B38}"
EndProject
Project("{FAE04EC0-301F-11D3-BF4B-00C04F79EFBC}") = "Test", "Test\Test.csproj", "{E2E2A8E2-57D4-40FC-A03E-9BEAE93D40D8}"
EndProject
Global
	GlobalSection(SolutionConfigurationPlatforms) = preSolution
		Debug|Any CPU = Debug|Any CPU
		Release|Any CPU = Release|Any CPU
	EndGlobalSection
	GlobalSection(ProjectConfigurationPlatforms) = postSolution
		{3106ADB6-40CB-40CD-849C-7CF604C35B38}.Debug|Any CPU.ActiveCfg = Debug|Any CPU
		{3106ADB6-40CB-40CD-849C-7CF604C35B38}.Debug|Any CPU.Build.0 = Debug|Any CPU
		{3106ADB6-40CB-40CD-849C-7CF604C35B38}.Release|Any CPU.ActiveCfg = Release|Any CPU
		{3106ADB6-40CB-40CD-849C-7CF604C35B38}.Release|Any CPU.Build.0 = Release|Any CPU
		{E2E2A8E2-57D4-40FC-A03E-9BEAE93D40D8}.Debug|Any CPU.ActiveCfg = Debug|Any CPU
		{E2E2A8E2-57D4-40FC-A03E-9BEAE93D40D8}.Debug|Any CPU.Build.0 = Debug|Any CPU
		{E2E2A8E2-57D4-40FC-A03E-9BEAE93D40D8}.Release|Any CPU.ActiveCfg = Release|Any CPU
		{E2E2A8E2-57D4-40FC-A03E-9BEAE93D40D8}.Release|Any CPU.Build.0 = Release|Any CPU
	EndGlobalSection
	GlobalSection(SolutionProperties) = preSolution
		HideSolutionNode = FALSE
	EndGlobalSection
EndGlobal
