
Microsoft Visual Studio Solution File, Format Version 12.00
# Visual Studio Express 2012 for Windows Desktop
Project("{FAE04EC0-301F-11D3-BF4B-00C04F79EFBC}") = "Extension2", "Extension2\Extension2.csproj", "{F9C57167-099C-4A4E-BE70-93C09E156020}"
EndProject
Global
	GlobalSection(SolutionConfigurationPlatforms) = preSolution
		Debug|Any CPU = Debug|Any CPU
		Release|Any CPU = Release|Any CPU
	EndGlobalSection
	GlobalSection(ProjectConfigurationPlatforms) = postSolution
		{F9C57167-099C-4A4E-BE70-93C09E156020}.Debug|Any CPU.ActiveCfg = Debug|Any CPU
		{F9C57167-099C-4A4E-BE70-93C09E156020}.Debug|Any CPU.Build.0 = Debug|Any CPU
		{F9C57167-099C-4A4E-BE70-93C09E156020}.Release|Any CPU.ActiveCfg = Release|Any CPU
		{F9C57167-099C-4A4E-BE70-93C09E156020}.Release|Any CPU.Build.0 = Release|Any CPU
	EndGlobalSection
	GlobalSection(SolutionProperties) = preSolution
		HideSolutionNode = FALSE
	EndGlobalSection
EndGlobal
