
Microsoft Visual Studio Solution File, Format Version 12.00
# Visual Studio Express 2012 for Windows Desktop
Project("{FAE04EC0-301F-11D3-BF4B-00C04F79EFBC}") = "delegadosLibro", "delegadosLibro\delegadosLibro.csproj", "{AD71DD39-19DB-4F77-9D59-E8423653AD39}"
EndProject
Global
	GlobalSection(SolutionConfigurationPlatforms) = preSolution
		Debug|Any CPU = Debug|Any CPU
		Release|Any CPU = Release|Any CPU
	EndGlobalSection
	GlobalSection(ProjectConfigurationPlatforms) = postSolution
		{AD71DD39-19DB-4F77-9D59-E8423653AD39}.Debug|Any CPU.ActiveCfg = Debug|Any CPU
		{AD71DD39-19DB-4F77-9D59-E8423653AD39}.Debug|Any CPU.Build.0 = Debug|Any CPU
		{AD71DD39-19DB-4F77-9D59-E8423653AD39}.Release|Any CPU.ActiveCfg = Release|Any CPU
		{AD71DD39-19DB-4F77-9D59-E8423653AD39}.Release|Any CPU.Build.0 = Release|Any CPU
	EndGlobalSection
	GlobalSection(SolutionProperties) = preSolution
		HideSolutionNode = FALSE
	EndGlobalSection
EndGlobal
