
Microsoft Visual Studio Solution File, Format Version 12.00
# Visual Studio Express 2012 for Windows Desktop
Project("{FAE04EC0-301F-11D3-BF4B-00C04F79EFBC}") = "Partica10.1", "Partica10.1\Partica10.1.csproj", "{96D74775-34AA-48AB-BB36-E9BAA169FEB8}"
EndProject
Project("{FAE04EC0-301F-11D3-BF4B-00C04F79EFBC}") = "lib", "lib\lib.csproj", "{B8D6CEF8-B841-41D6-8BD2-8C2DBAAA0472}"
EndProject
Global
	GlobalSection(SolutionConfigurationPlatforms) = preSolution
		Debug|Any CPU = Debug|Any CPU
		Release|Any CPU = Release|Any CPU
	EndGlobalSection
	GlobalSection(ProjectConfigurationPlatforms) = postSolution
		{96D74775-34AA-48AB-BB36-E9BAA169FEB8}.Debug|Any CPU.ActiveCfg = Debug|Any CPU
		{96D74775-34AA-48AB-BB36-E9BAA169FEB8}.Debug|Any CPU.Build.0 = Debug|Any CPU
		{96D74775-34AA-48AB-BB36-E9BAA169FEB8}.Release|Any CPU.ActiveCfg = Release|Any CPU
		{96D74775-34AA-48AB-BB36-E9BAA169FEB8}.Release|Any CPU.Build.0 = Release|Any CPU
		{B8D6CEF8-B841-41D6-8BD2-8C2DBAAA0472}.Debug|Any CPU.ActiveCfg = Debug|Any CPU
		{B8D6CEF8-B841-41D6-8BD2-8C2DBAAA0472}.Debug|Any CPU.Build.0 = Debug|Any CPU
		{B8D6CEF8-B841-41D6-8BD2-8C2DBAAA0472}.Release|Any CPU.ActiveCfg = Release|Any CPU
		{B8D6CEF8-B841-41D6-8BD2-8C2DBAAA0472}.Release|Any CPU.Build.0 = Release|Any CPU
	EndGlobalSection
	GlobalSection(SolutionProperties) = preSolution
		HideSolutionNode = FALSE
	EndGlobalSection
EndGlobal
